
Microsoft Visual Studio Solution File, Format Version 10.00
# Visual Studio 2008
Project("{FAE04EC0-301F-11D3-BF4B-00C04F79EFBC}") = "IronRubyMediaPlayer", "IronRubyMediaPlayer\IronRubyMediaPlayer.csproj", "{B2142CB7-CF57-4D5D-92FE-E86F353898C6}"
EndProject
Global
	GlobalSection(SolutionConfigurationPlatforms) = preSolution
		Debug|Any CPU = Debug|Any CPU
		Release|Any CPU = Release|Any CPU
	EndGlobalSection
	GlobalSection(ProjectConfigurationPlatforms) = postSolution
		{B2142CB7-CF57-4D5D-92FE-E86F353898C6}.Debug|Any CPU.ActiveCfg = Debug|Any CPU
		{B2142CB7-CF57-4D5D-92FE-E86F353898C6}.Debug|Any CPU.Build.0 = Debug|Any CPU
		{B2142CB7-CF57-4D5D-92FE-E86F353898C6}.Release|Any CPU.ActiveCfg = Release|Any CPU
		{B2142CB7-CF57-4D5D-92FE-E86F353898C6}.Release|Any CPU.Build.0 = Release|Any CPU
	EndGlobalSection
EndGlobal
